{
    "requires": true,
    "lockfileVersion": 1,
    "dependencies": {
        "commander": {
            "version": "8.3.0",
            "resolved": "https://registry.npmjs.org/commander/-/commander-8.3.0.tgz",
            "integrity": "sha512-OkTL9umf+He2DZkUq8f8J9of7yL6RJKI24dVITBmNfZBmri9zYZQrKkuXiKhyfPSu8tUhnVBB1iKXevvnlR4Ww==",
            "dev": true
        },
        "ip-regex": {
            "version": "4.3.0",
            "resolved": "https://registry.npmjs.org/ip-regex/-/ip-regex-4.3.0.tgz",
            "integrity": "sha512-B9ZWJxHHOHUhUjCPrMpLD4xEq35bUTClHM1S6CBU5ixQnkZmwipwgc96vAd7AAGM9TGHvJR+Uss+/Ak6UphK+Q==",
            "dev": true
        },
        "mime-db": {
            "version": "1.51.0",
            "resolved": "https://registry.npmjs.org/mime-db/-/mime-db-1.51.0.tgz",
            "integrity": "sha512-5y8A56jg7XVQx2mbv1lu49NR4dokRnhZYTtL+KGfaa27uq4pSTXkwQkFJl4pkRMyNFz/EtYDSkiiEHx3F7UN6g=="
        },
        "mime-types": {
            "version": "2.1.34",
            "resolved": "https://registry.npmjs.org/mime-types/-/mime-types-2.1.34.tgz",
            "integrity": "sha512-6cP692WwGIs9XXdOO4++N+7qjqv0rqxxVvJ3VHPh/Sc9mVZcQP+ZGhkKiTvWMQRr2tbHkJP/Yn7Y0npb3ZBs4A==",
            "requires": {
                "mime-db": "1.51.0"
            }
        },
        "mkcert": {
            "version": "1.5.0",
            "resolved": "https://registry.npmjs.org/mkcert/-/mkcert-1.5.0.tgz",
            "integrity": "sha512-Jc5tW6XGpRZR/GXimztRtvv0Q46Qkv0/iqy06sBOldb1I5FfkeD7/LDPOMV9fnV6Nkx8YbNv+Z/8AmmQGfPtgg==",
            "dev": true,
            "requires": {
                "commander": "^8.3.0",
                "ip-regex": "^4.3.0",
                "node-forge": "^1.2.1"
            }
        },
        "node-forge": {
            "version": "1.2.1",
            "resolved": "https://registry.npmjs.org/node-forge/-/node-forge-1.2.1.tgz",
            "integrity": "sha512-Fcvtbb+zBcZXbTTVwqGA5W+MKBj56UjVRevvchv5XrcyXbmNdesfZL37nlcWOfpgHhgmxApw3tQbTr4CqNmX4w==",
            "dev": true
        }
    }
}
